{
  "name": "emix-boilerplate",
  "version": "0.0.1",
  "lockfileVersion": 1,
  "requires": true,
  "dependencies": {
    "component-clone": {
      "version": "0.2.2",
      "resolved": "https://registry.npmjs.org/component-clone/-/component-clone-0.2.2.tgz",
      "integrity": "sha1-x/WXmCKID62M+wliuikYbQYe4E8=",
      "requires": {
        "component-type": "1.1.0"
      }
    },
    "component-emitter": {
      "version": "1.2.0",
      "resolved": "https://registry.npmjs.org/component-emitter/-/component-emitter-1.2.0.tgz",
      "integrity": "sha1-zNETqGOI0GSC0D3j/H35hSa6jv4="
    },
    "component-raf": {
      "version": "1.2.0",
      "resolved": "https://registry.npmjs.org/component-raf/-/component-raf-1.2.0.tgz",
      "integrity": "sha1-srxy1D8bAU/eeks8RHx2S8c8y6o="
    },
    "component-tween": {
      "version": "1.2.0",
      "resolved": "https://registry.npmjs.org/component-tween/-/component-tween-1.2.0.tgz",
      "integrity": "sha1-zDnOXbqwW1KCX0HRlHY4oLAbK4o=",
      "requires": {
        "component-clone": "0.2.2",
        "component-emitter": "1.2.0",
        "component-type": "1.1.0",
        "ease-component": "1.0.0"
      }
    },
    "component-type": {
      "version": "1.1.0",
      "resolved": "https://registry.npmjs.org/component-type/-/component-type-1.1.0.tgz",
      "integrity": "sha1-lbZmqtU+XI0fK+E1xFtdSZGXwMU="
    },
    "ease-component": {
      "version": "1.0.0",
      "resolved": "https://registry.npmjs.org/ease-component/-/ease-component-1.0.0.tgz",
      "integrity": "sha1-s3VybbC1sEWVt3RAOW/sfapdd8k="
    },
    "lodash": {
      "version": "4.17.4",
      "resolved": "https://registry.npmjs.org/lodash/-/lodash-4.17.4.tgz",
      "integrity": "sha1-eCA6TRwyiuHYbcpkYONptX9AVa4="
    },
    "lodash.debounce": {
      "version": "4.0.8",
      "resolved": "https://registry.npmjs.org/lodash.debounce/-/lodash.debounce-4.0.8.tgz",
      "integrity": "sha1-gteb/zCmfEAF/9XiUVMArZyk168="
    },
    "lodash.throttle": {
      "version": "4.1.1",
      "resolved": "https://registry.npmjs.org/lodash.throttle/-/lodash.throttle-4.1.1.tgz",
      "integrity": "sha1-wj6RtxAkKscMN/HhzaknTMOb8vQ="
    },
    "scroll-to": {
      "version": "0.0.2",
      "resolved": "https://registry.npmjs.org/scroll-to/-/scroll-to-0.0.2.tgz",
      "integrity": "sha1-k205ipEzZgokkhRcLACB38sHKPM=",
      "requires": {
        "component-raf": "1.2.0",
        "component-tween": "1.2.0"
      }
    }
  }
}
